
Microsoft Visual Studio Solution File, Format Version 12.00
# Visual Studio Version 17
VisualStudioVersion = 17.10.35013.160
MinimumVisualStudioVersion = 10.0.40219.1
Project("{FAE04EC0-301F-11D3-BF4B-00C04F79EFBC}") = "NewsFeedAPI", "NewsFeedAPI\NewsFeedAPI.csproj", "{D004CDBB-4555-48B3-925E-8830354C417F}"
EndProject
Project("{FAE04EC0-301F-11D3-BF4B-00C04F79EFBC}") = "NewsFeedTest", "NewsFeedTest\NewsFeedTest.csproj", "{5E9573A5-01AD-4850-8045-E8C267C795C5}"
EndProject
Global
	GlobalSection(SolutionConfigurationPlatforms) = preSolution
		Debug|Any CPU = Debug|Any CPU
		Release|Any CPU = Release|Any CPU
	EndGlobalSection
	GlobalSection(ProjectConfigurationPlatforms) = postSolution
		{D004CDBB-4555-48B3-925E-8830354C417F}.Debug|Any CPU.ActiveCfg = Debug|Any CPU
		{D004CDBB-4555-48B3-925E-8830354C417F}.Debug|Any CPU.Build.0 = Debug|Any CPU
		{D004CDBB-4555-48B3-925E-8830354C417F}.Release|Any CPU.ActiveCfg = Release|Any CPU
		{D004CDBB-4555-48B3-925E-8830354C417F}.Release|Any CPU.Build.0 = Release|Any CPU
		{5E9573A5-01AD-4850-8045-E8C267C795C5}.Debug|Any CPU.ActiveCfg = Debug|Any CPU
		{5E9573A5-01AD-4850-8045-E8C267C795C5}.Debug|Any CPU.Build.0 = Debug|Any CPU
		{5E9573A5-01AD-4850-8045-E8C267C795C5}.Release|Any CPU.ActiveCfg = Release|Any CPU
		{5E9573A5-01AD-4850-8045-E8C267C795C5}.Release|Any CPU.Build.0 = Release|Any CPU
	EndGlobalSection
	GlobalSection(SolutionProperties) = preSolution
		HideSolutionNode = FALSE
	EndGlobalSection
	GlobalSection(ExtensibilityGlobals) = postSolution
		SolutionGuid = {2333E0AE-BFB1-4985-8756-4EA6D65ED026}
	EndGlobalSection
EndGlobal
